
Microsoft Visual Studio Solution File, Format Version 12.00
# Visual Studio Version 16
VisualStudioVersion = 16.0.30413.136
MinimumVisualStudioVersion = 10.0.40219.1
Project("{FAE04EC0-301F-11D3-BF4B-00C04F79EFBC}") = "WpfApp7", "WpfApp7\WpfApp7.csproj", "{422DE6BB-02D5-44FA-B44C-2921FE12754C}"
EndProject
Project("{FAE04EC0-301F-11D3-BF4B-00C04F79EFBC}") = "Bibly", "Bibly\Bibly.csproj", "{07201BFA-B96C-4F9F-81F4-BEB13896654F}"
EndProject
Global
	GlobalSection(SolutionConfigurationPlatforms) = preSolution
		Debug|Any CPU = Debug|Any CPU
		Release|Any CPU = Release|Any CPU
	EndGlobalSection
	GlobalSection(ProjectConfigurationPlatforms) = postSolution
		{422DE6BB-02D5-44FA-B44C-2921FE12754C}.Debug|Any CPU.ActiveCfg = Debug|Any CPU
		{422DE6BB-02D5-44FA-B44C-2921FE12754C}.Debug|Any CPU.Build.0 = Debug|Any CPU
		{422DE6BB-02D5-44FA-B44C-2921FE12754C}.Release|Any CPU.ActiveCfg = Release|Any CPU
		{422DE6BB-02D5-44FA-B44C-2921FE12754C}.Release|Any CPU.Build.0 = Release|Any CPU
		{07201BFA-B96C-4F9F-81F4-BEB13896654F}.Debug|Any CPU.ActiveCfg = Debug|Any CPU
		{07201BFA-B96C-4F9F-81F4-BEB13896654F}.Debug|Any CPU.Build.0 = Debug|Any CPU
		{07201BFA-B96C-4F9F-81F4-BEB13896654F}.Release|Any CPU.ActiveCfg = Release|Any CPU
		{07201BFA-B96C-4F9F-81F4-BEB13896654F}.Release|Any CPU.Build.0 = Release|Any CPU
	EndGlobalSection
	GlobalSection(SolutionProperties) = preSolution
		HideSolutionNode = FALSE
	EndGlobalSection
	GlobalSection(ExtensibilityGlobals) = postSolution
		SolutionGuid = {A8FFAC97-1FA2-47C4-8D63-F237F6AB3A9E}
	EndGlobalSection
EndGlobal
